
Microsoft Visual Studio Solution File, Format Version 12.00
# Visual Studio Version 17
VisualStudioVersion = 17.1.32328.378
MinimumVisualStudioVersion = 10.0.40219.1
Project("{FAE04EC0-301F-11D3-BF4B-00C04F79EFBC}") = "NUnitTestingProject", "NUnitTestingProject.csproj", "{2739BB87-A97A-4C0C-B8A9-5276A231EE07}"
EndProject
Global
	GlobalSection(SolutionConfigurationPlatforms) = preSolution
		Debug|Any CPU = Debug|Any CPU
		Release|Any CPU = Release|Any CPU
	EndGlobalSection
	GlobalSection(ProjectConfigurationPlatforms) = postSolution
		{2739BB87-A97A-4C0C-B8A9-5276A231EE07}.Debug|Any CPU.ActiveCfg = Debug|Any CPU
		{2739BB87-A97A-4C0C-B8A9-5276A231EE07}.Debug|Any CPU.Build.0 = Debug|Any CPU
		{2739BB87-A97A-4C0C-B8A9-5276A231EE07}.Release|Any CPU.ActiveCfg = Release|Any CPU
		{2739BB87-A97A-4C0C-B8A9-5276A231EE07}.Release|Any CPU.Build.0 = Release|Any CPU
	EndGlobalSection
	GlobalSection(SolutionProperties) = preSolution
		HideSolutionNode = FALSE
	EndGlobalSection
	GlobalSection(ExtensibilityGlobals) = postSolution
		SolutionGuid = {C7912208-F822-4D21-B9EC-6B5068A96935}
	EndGlobalSection
EndGlobal
